
Microsoft Visual Studio Solution File, Format Version 12.00
# Visual Studio Version 16
VisualStudioVersion = 16.0.31829.152
MinimumVisualStudioVersion = 10.0.40219.1
Project("{FAE04EC0-301F-11D3-BF4B-00C04F79EFBC}") = "ChessGameUI", "ChessGameUI\ChessGameUI.csproj", "{FDC130CB-275E-4767-B981-939F60A6CA18}"
EndProject
Global
	GlobalSection(SolutionConfigurationPlatforms) = preSolution
		Debug|Any CPU = Debug|Any CPU
		Release|Any CPU = Release|Any CPU
	EndGlobalSection
	GlobalSection(ProjectConfigurationPlatforms) = postSolution
		{FDC130CB-275E-4767-B981-939F60A6CA18}.Debug|Any CPU.ActiveCfg = Debug|Any CPU
		{FDC130CB-275E-4767-B981-939F60A6CA18}.Debug|Any CPU.Build.0 = Debug|Any CPU
		{FDC130CB-275E-4767-B981-939F60A6CA18}.Release|Any CPU.ActiveCfg = Release|Any CPU
		{FDC130CB-275E-4767-B981-939F60A6CA18}.Release|Any CPU.Build.0 = Release|Any CPU
	EndGlobalSection
	GlobalSection(SolutionProperties) = preSolution
		HideSolutionNode = FALSE
	EndGlobalSection
	GlobalSection(ExtensibilityGlobals) = postSolution
		SolutionGuid = {F57F3A77-1FD3-4E85-B748-4D934561E05E}
	EndGlobalSection
EndGlobal
